<?xml version="1.0" encoding="utf-8"?>
<Project ToolsVersion="4.0" xmlns="http://schemas.microsoft.com/developer/msbuild/2003">
  <ItemGroup>
    <Filter Include="dotM">
      <UniqueIdentifier>{D9CC957C-C503-970D-6EF0-7C105A06130F}</UniqueIdentifier>
    </Filter>
    <Filter Include="dotM\Architecture">
      <UniqueIdentifier>{CB4E7AEF-3765-7885-80DC-03A7EC31490D}</UniqueIdentifier>
    </Filter>
    <Filter Include="dotM\Architecture\ARM">
      <UniqueIdentifier>{7AA165AE-E60D-21A9-AF01-B9061B2D4311}</UniqueIdentifier>
    </Filter>
    <Filter Include="dotM\Architecture\THUMB">
      <UniqueIdentifier>{FA69A6DF-66A1-EE76-6FAB-529ADB611570}</UniqueIdentifier>
    </Filter>
    <Filter Include="dotM\Format">
      <UniqueIdentifier>{F101B969-5DB7-315F-E6AB-2B3652602863}</UniqueIdentifier>
    </Filter>
    <Filter Include="dotM\Gameboy">
      <UniqueIdentifier>{8C6ACCCC-78CD-5B71-2153-94270D9527F4}</UniqueIdentifier>
    </Filter>
    <Filter Include="dotM\Gameboy\Component">
      <UniqueIdentifier>{EEE17D0C-DADB-A65E-C348-3D6FAFE10CCB}</UniqueIdentifier>
    </Filter>
    <Filter Include="dotM\Gameboy\Component\CPU">
      <UniqueIdentifier>{651674FB-5126-20CC-BADF-84EAA60E0F65}</UniqueIdentifier>
    </Filter>
    <Filter Include="dotM\Gameboy\Component\CPU\LR35902">
      <UniqueIdentifier>{35B8A2D3-21F4-A53D-8A06-BE3476614E58}</UniqueIdentifier>
    </Filter>
    <Filter Include="dotM\Gameboy\Specification">
      <UniqueIdentifier>{7C94FEBE-68A4-AA8F-D15D-0FAEBD8C9928}</UniqueIdentifier>
    </Filter>
    <Filter Include="dotM\GameboyAdvance">
      <UniqueIdentifier>{3E3ECDE2-AA9F-AAF0-330D-F1A29F6DE1AF}</UniqueIdentifier>
    </Filter>
    <Filter Include="dotM\GameboyAdvance\Component">
      <UniqueIdentifier>{207C58C6-8C94-3FF0-5541-CF89C118D489}</UniqueIdentifier>
    </Filter>
    <Filter Include="dotM\GameboyAdvance\Component\BUS">
      <UniqueIdentifier>{F97594F8-65E4-E977-AECD-A4771A7BDF13}</UniqueIdentifier>
    </Filter>
    <Filter Include="dotM\GameboyAdvance\Component\CPU">
      <UniqueIdentifier>{977994F8-03E8-E977-4CD1-A477B87EDF13}</UniqueIdentifier>
    </Filter>
    <Filter Include="dotM\GameboyAdvance\Component\MEM">
      <UniqueIdentifier>{AEA294F8-1A11-EA77-63FA-A477CFA7DF13}</UniqueIdentifier>
    </Filter>
    <Filter Include="dotM\GameboyAdvance\Component\PPU">
      <UniqueIdentifier>{E4B094F8-501F-EA77-9908-A57705B6DF13}</UniqueIdentifier>
    </Filter>
    <Filter Include="dotM\GameboyAdvance\Component\SCREEN">
      <UniqueIdentifier>{4F7B2787-3B62-E97E-E4B2-4F9CD07862E5}</UniqueIdentifier>
    </Filter>
    <Filter Include="dotM\GameboyAdvance\Specification">
      <UniqueIdentifier>{AEF71EBC-1A66-743B-634F-2F3BCFFC69D7}</UniqueIdentifier>
    </Filter>
    <Filter Include="dotM\Library">
      <UniqueIdentifier>{DDEE985F-C951-2804-72D7-60BA5E19F486}</UniqueIdentifier>
    </Filter>
    <Filter Include="dotM\Model">
      <UniqueIdentifier>{D9B42EF4-C56C-7041-2E74-499D1A4B0B32}</UniqueIdentifier>
    </Filter>
    <Filter Include="dotM\Model\Component">
      <UniqueIdentifier>{7B30A73F-67BF-3009-10DE-4404FC4B41AF}</UniqueIdentifier>
    </Filter>
    <Filter Include="dotM\Model\Component\CPU">
      <UniqueIdentifier>{72E38B28-5E08-DBA8-8753-C03873D7D9C6}</UniqueIdentifier>
    </Filter>
  </ItemGroup>
  <ItemGroup>
    <ClInclude Include="src\dotM\Architecture\ARM\ARM.hpp">
      <Filter>dotM\Architecture\ARM</Filter>
    </ClInclude>
    <ClInclude Include="src\dotM\Architecture\LUT\LUT_THUMB.hpp">
      <Filter>dotM\Architecture\THUMB</Filter>
    </ClInclude>
    <ClInclude Include="src\dotM\Library\Type.hpp">
      <Filter>dotM\Format</Filter>
    </ClInclude>
    <ClInclude Include="src\dotM\GameboyAdvance\Component\BUS\BUS.hpp">
      <Filter>dotM\GameboyAdvance\Component\BUS</Filter>
    </ClInclude>
    <ClInclude Include="src\dotM\GameboyAdvance\Component\CPU\ARM7TDMI.hpp">
      <Filter>dotM\GameboyAdvance\Component\CPU</Filter>
    </ClInclude>
    <ClInclude Include="src\dotM\GameboyAdvance\Component\MEM\MEMORY.hpp">
      <Filter>dotM\GameboyAdvance\Component\MEM</Filter>
    </ClInclude>
    <ClInclude Include="src\dotM\GameboyAdvance\Component\MEM\RAM.hpp">
      <Filter>dotM\GameboyAdvance\Component\MEM</Filter>
    </ClInclude>
    <ClInclude Include="src\dotM\GameboyAdvance\Component\MEM\ROM.hpp">
      <Filter>dotM\GameboyAdvance\Component\MEM</Filter>
    </ClInclude>
    <ClInclude Include="src\dotM\GameboyAdvance\Component\MEM\WOM.hpp">
      <Filter>dotM\GameboyAdvance\Component\MEM</Filter>
    </ClInclude>
    <ClInclude Include="src\dotM\GameboyAdvance\Component\PPU\PPU.hpp">
      <Filter>dotM\GameboyAdvance\Component\PPU</Filter>
    </ClInclude>
    <ClInclude Include="src\dotM\GameboyAdvance\Component\DISPLAY\DISPLAY.hpp">
      <Filter>dotM\GameboyAdvance\Component\SCREEN</Filter>
    </ClInclude>
    <ClInclude Include="src\dotM\GameboyAdvance\GameBoyAdvance.hpp">
      <Filter>dotM\GameboyAdvance</Filter>
    </ClInclude>
    <ClInclude Include="src\dotM\GameboyAdvance\Specification\GBA.hpp">
      <Filter>dotM\GameboyAdvance\Specification</Filter>
    </ClInclude>
    <ClInclude Include="src\dotM\GameboyAdvance\Architecture\MEMORY\MAP.hpp">
      <Filter>dotM\GameboyAdvance\Specification</Filter>
    </ClInclude>
    <ClInclude Include="src\dotM\Library\Bitwise.hpp">
      <Filter>dotM\Library</Filter>
    </ClInclude>
    <ClInclude Include="src\dotM\Library\File.hpp">
      <Filter>dotM\Library</Filter>
    </ClInclude>
    <ClInclude Include="src\dotM\Model\Component\CPU\CPU.hpp">
      <Filter>dotM\Model\Component\CPU</Filter>
    </ClInclude>
    <ClInclude Include="src\stdafx.hpp" />
    <ClInclude Include="src\dotM\GameboyAdvance\Architecture\LUT\ARM.hpp" />
    <ClInclude Include="src\dotM\GameboyAdvance\Architecture\LUT\THUMB.hpp" />
    <ClInclude Include="src\dotM\GameboyAdvance\Architecture\EXCEPT\VECTOR.hpp" />
    <ClInclude Include="src\dotM\GameboyAdvance\Component\TIMER\Timer.hpp" />
    <ClInclude Include="src\dotM\GameboyAdvance\Specification\TIMING.hpp" />
    <ClInclude Include="src\dotM\GameboyAdvance\Component\BUS\IConnectable.hpp" />
    <ClInclude Include="src\dotM\GameboyAdvance\Component\DMA\DMAController.hpp" />
    <ClInclude Include="src\dotM\GameboyAdvance\Component\DMA\DMAChannel.hpp" />
    <ClInclude Include="src\dotM\GameboyAdvance\Component\INPUT\KeyController.hpp" />
    <ClInclude Include="src\dotM\GameboyAdvance\Component\INTERRUPT\IPeripheral.hpp" />
    <ClInclude Include="src\dotM\Gameboy\GameBoy.hpp" />
    <ClInclude Include="src\dotM\Gameboy\Component\CPU\SharpSM83.hpp" />
    <ClInclude Include="src\dotM\Gameboy\Architecture\MemoryMap.hpp" />
    <ClInclude Include="src\dotM\Gameboy\Component\PPU\PPU.hpp" />
    <ClInclude Include="src\dotM\Gameboy\Architecture\IO.hpp" />
    <ClInclude Include="src\dotM\Gameboy\Specification\GB.hpp" />
    <ClInclude Include="src\dotM\Gameboy\Component\DISPLAY\Display.hpp" />
  </ItemGroup>
  <ItemGroup>
    <ClCompile Include="src\dotM\GameboyAdvance\Component\CPU\ARM7TDMI.cpp">
      <Filter>dotM\GameboyAdvance\Component\CPU</Filter>
    </ClCompile>
    <ClCompile Include="src\dotM\GameboyAdvance\GameBoyAdvance.cpp">
      <Filter>dotM\GameboyAdvance</Filter>
    </ClCompile>
    <ClCompile Include="src\dotM\Library\File.cpp">
      <Filter>dotM\Library</Filter>
    </ClCompile>
    <ClCompile Include="src\stdafx.cpp" />
    <ClCompile Include="src\dotM\GameboyAdvance\Component\DMA\DMAController.cpp" />
    <ClCompile Include="src\dotM\Gameboy\GameBoy.cpp" />
    <ClCompile Include="src\dotM\Gameboy\Component\CPU\SharpSM83.cpp" />
    <ClCompile Include="src\dotM\Gameboy\Component\PPU\PPU.cpp" />
    <ClCompile Include="src\dotM\Gameboy\Component\DISPLAY\Display.cpp" />
  </ItemGroup>
</Project>