<?xml version="1.0" encoding="utf-8"?>
<Project ToolsVersion="4.0" xmlns="http://schemas.microsoft.com/developer/msbuild/2003">
  <ItemGroup>
    <Filter Include="Sharp">
      <UniqueIdentifier>{23A5170E-8FB9-3FBF-583B-E31EC40E3CF0}</UniqueIdentifier>
    </Filter>
    <Filter Include="Sharp\Format">
      <UniqueIdentifier>{FB62BFF6-E7C5-4E9B-904B-87517C8D1A1E}</UniqueIdentifier>
    </Filter>
    <Filter Include="Sharp\Gameboy">
      <UniqueIdentifier>{D6EC9EFA-42AD-1A31-0BE8-63AE77675F0D}</UniqueIdentifier>
    </Filter>
    <Filter Include="Sharp\Gameboy\Component">
      <UniqueIdentifier>{B848A7C9-2480-EF60-2D8A-53849940165A}</UniqueIdentifier>
    </Filter>
    <Filter Include="Sharp\Gameboy\Component\CPU">
      <UniqueIdentifier>{2FD22769-9BDF-554F-24C6-513A90D22106}</UniqueIdentifier>
    </Filter>
    <Filter Include="Sharp\Gameboy\Component\CPU\LR35902">
      <UniqueIdentifier>{FF9D1215-6B57-7DBF-F4B6-9799606F332F}</UniqueIdentifier>
    </Filter>
    <Filter Include="Sharp\Gameboy\Specification">
      <UniqueIdentifier>{4650B22C-B25D-E012-3B44-DCFDA750ACC9}</UniqueIdentifier>
    </Filter>
    <Filter Include="Sharp\GameboyAdvance">
      <UniqueIdentifier>{480981C9-3498-0A93-DDB6-1E8EC9241B39}</UniqueIdentifier>
    </Filter>
    <Filter Include="Sharp\GameboyAdvance\Component">
      <UniqueIdentifier>{AA1B25A2-9641-EF08-7F87-74D46B4C14D5}</UniqueIdentifier>
    </Filter>
    <Filter Include="Sharp\GameboyAdvance\Component\BUS">
      <UniqueIdentifier>{83CA5921-6F06-5D8B-D818-7582C47305A6}</UniqueIdentifier>
    </Filter>
    <Filter Include="Sharp\GameboyAdvance\Component\CPU">
      <UniqueIdentifier>{21CE5921-0D0A-5D8B-761C-7582627705A6}</UniqueIdentifier>
    </Filter>
    <Filter Include="Sharp\GameboyAdvance\Component\MEM">
      <UniqueIdentifier>{38F75921-2433-5D8B-8D45-758279A005A6}</UniqueIdentifier>
    </Filter>
    <Filter Include="Sharp\GameboyAdvance\Specification">
      <UniqueIdentifier>{384CE4E4-2488-E74E-8D9A-FF4579F58F69}</UniqueIdentifier>
    </Filter>
    <Filter Include="Sharp\Library">
      <UniqueIdentifier>{27716B8D-9331-E7C3-5C6C-3041C8EB2BA0}</UniqueIdentifier>
    </Filter>
  </ItemGroup>
  <ItemGroup>
    <ClInclude Include="src\Sharp\Format\Type.hpp">
      <Filter>Sharp\Format</Filter>
    </ClInclude>
    <ClInclude Include="src\Sharp\Gameboy\Component\CPU\CPU.hpp">
      <Filter>Sharp\Gameboy\Component\CPU</Filter>
    </ClInclude>
    <ClInclude Include="src\Sharp\Gameboy\Component\CPU\LR35902\LR35902.hpp">
      <Filter>Sharp\Gameboy\Component\CPU\LR35902</Filter>
    </ClInclude>
    <ClInclude Include="src\Sharp\Gameboy\Specification\GB.hpp">
      <Filter>Sharp\Gameboy\Specification</Filter>
    </ClInclude>
    <ClInclude Include="src\Sharp\GameboyAdvance\Component\BUS\BUS.hpp">
      <Filter>Sharp\GameboyAdvance\Component\BUS</Filter>
    </ClInclude>
    <ClInclude Include="src\Sharp\GameboyAdvance\Component\BUS\SLB.hpp">
      <Filter>Sharp\GameboyAdvance\Component\BUS</Filter>
    </ClInclude>
    <ClInclude Include="src\Sharp\GameboyAdvance\Component\CPU\ARM7TDMI.hpp">
      <Filter>Sharp\GameboyAdvance\Component\CPU</Filter>
    </ClInclude>
    <ClInclude Include="src\Sharp\GameboyAdvance\Component\CPU\Registers\Registers.hpp">
      <Filter>Sharp\GameboyAdvance\Component\CPU</Filter>
    </ClInclude>
    <ClInclude Include="src\Sharp\GameboyAdvance\Component\MEM\MEMORY.hpp">
      <Filter>Sharp\GameboyAdvance\Component\MEM</Filter>
    </ClInclude>
    <ClInclude Include="src\Sharp\GameboyAdvance\Component\MEM\RAM.hpp">
      <Filter>Sharp\GameboyAdvance\Component\MEM</Filter>
    </ClInclude>
    <ClInclude Include="src\Sharp\GameboyAdvance\Component\MEM\ROM.hpp">
      <Filter>Sharp\GameboyAdvance\Component\MEM</Filter>
    </ClInclude>
    <ClInclude Include="src\Sharp\GameboyAdvance\GameboyAdvance.hpp">
      <Filter>Sharp\GameboyAdvance</Filter>
    </ClInclude>
    <ClInclude Include="src\Sharp\GameboyAdvance\Specification\GBA.hpp">
      <Filter>Sharp\GameboyAdvance\Specification</Filter>
    </ClInclude>
    <ClInclude Include="src\Sharp\Library\Bitwise.hpp">
      <Filter>Sharp\Library</Filter>
    </ClInclude>
    <ClInclude Include="src\Sharp\Library\File.hpp">
      <Filter>Sharp\Library</Filter>
    </ClInclude>
    <ClInclude Include="src\Test.hpp" />
    <ClInclude Include="src\stdafx.hpp" />
    <ClInclude Include="src\Sharp\Library\Macro.hpp" />
    <ClInclude Include="src\Sharp\GameboyAdvance\Component\CPU\Instruction\Instruction.hpp" />
  </ItemGroup>
  <ItemGroup>
    <ClCompile Include="src\Sharp\GameboyAdvance\Component\CPU\ARM7TDMI.cpp">
      <Filter>Sharp\GameboyAdvance\Component\CPU</Filter>
    </ClCompile>
    <ClCompile Include="src\Sharp\GameboyAdvance\GameboyAdvance.cpp">
      <Filter>Sharp\GameboyAdvance</Filter>
    </ClCompile>
    <ClCompile Include="src\Sharp\Library\File.cpp">
      <Filter>Sharp\Library</Filter>
    </ClCompile>
    <ClCompile Include="src\Source.cpp" />
    <ClCompile Include="src\stdafx.cpp" />
  </ItemGroup>
  <ItemGroup>
    <None Include="src\Sharp\GameboyAdvance\Data\BIOS.bin" />
  </ItemGroup>
</Project>